// !$*UTF8*$!
{
	archiveVersion = 1;
	classes = {
	};
	objectVersion = 48;
	objects = {

/* Begin PBXBuildFile section */
		0C5174EC20BAA8E4006E6E1B /* AppDelegate.swift in Sources */ = {isa = PBXBuildFile; fileRef = 0C5174EB20BAA8E4006E6E1B /* AppDelegate.swift */; };
		0C5174EE20BAA8E4006E6E1B /* ViewController.swift in Sources */ = {isa = PBXBuildFile; fileRef = 0C5174ED20BAA8E4006E6E1B /* ViewController.swift */; };
		0C5174F120BAA8E4006E6E1B /* Main.storyboard in Resources */ = {isa = PBXBuildFile; fileRef = 0C5174EF20BAA8E4006E6E1B /* Main.storyboard */; };
		0C5174F420BAA8E4006E6E1B /* GoliathNationalBank.xcdatamodeld in Sources */ = {isa = PBXBuildFile; fileRef = 0C5174F220BAA8E4006E6E1B /* GoliathNationalBank.xcdatamodeld */; };
		0C5174F620BAA8E4006E6E1B /* Assets.xcassets in Resources */ = {isa = PBXBuildFile; fileRef = 0C5174F520BAA8E4006E6E1B /* Assets.xcassets */; };
		0C5174F920BAA8E4006E6E1B /* LaunchScreen.storyboard in Resources */ = {isa = PBXBuildFile; fileRef = 0C5174F720BAA8E4006E6E1B /* LaunchScreen.storyboard */; };
		0C51750420BAA8E4006E6E1B /* GoliathNationalBankTests.swift in Sources */ = {isa = PBXBuildFile; fileRef = 0C51750320BAA8E4006E6E1B /* GoliathNationalBankTests.swift */; };
		0C51750F20BAA8E4006E6E1B /* GoliathNationalBankUITests.swift in Sources */ = {isa = PBXBuildFile; fileRef = 0C51750E20BAA8E4006E6E1B /* GoliathNationalBankUITests.swift */; };
		69509DE41281637D8A8FFCDC /* Pods_GoliathNationalBankTests.framework in Frameworks */ = {isa = PBXBuildFile; fileRef = 9E1269791E12A2D6B4D6AF58 /* Pods_GoliathNationalBankTests.framework */; };
		8A685F6098C72DCDD4803BFC /* Pods_GoliathNationalBankUITests.framework in Frameworks */ = {isa = PBXBuildFile; fileRef = 21CD67D628E647CF624D1515 /* Pods_GoliathNationalBankUITests.framework */; };
		A304ABFEB64ADCB86746C802 /* Pods_GoliathNationalBank.framework in Frameworks */ = {isa = PBXBuildFile; fileRef = A31D5D5C366ED158F95F6B59 /* Pods_GoliathNationalBank.framework */; };
/* End PBXBuildFile section */

/* Begin PBXContainerItemProxy section */
		0C51750020BAA8E4006E6E1B /* PBXContainerItemProxy */ = {
			isa = PBXContainerItemProxy;
			containerPortal = 0C5174E020BAA8E4006E6E1B /* Project object */;
			proxyType = 1;
			remoteGlobalIDString = 0C5174E720BAA8E4006E6E1B;
			remoteInfo = GoliathNationalBank;
		};
		0C51750B20BAA8E4006E6E1B /* PBXContainerItemProxy */ = {
			isa = PBXContainerItemProxy;
			containerPortal = 0C5174E020BAA8E4006E6E1B /* Project object */;
			proxyType = 1;
			remoteGlobalIDString = 0C5174E720BAA8E4006E6E1B;
			remoteInfo = GoliathNationalBank;
		};
/* End PBXContainerItemProxy section */

/* Begin PBXFileReference section */
		0C5174E820BAA8E4006E6E1B /* GoliathNationalBank.app */ = {isa = PBXFileReference; explicitFileType = wrapper.application; includeInIndex = 0; path = GoliathNationalBank.app; sourceTree = BUILT_PRODUCTS_DIR; };
		0C5174EB20BAA8E4006E6E1B /* AppDelegate.swift */ = {isa = PBXFileReference; lastKnownFileType = sourcecode.swift; path = AppDelegate.swift; sourceTree = "<group>"; };
		0C5174ED20BAA8E4006E6E1B /* ViewController.swift */ = {isa = PBXFileReference; lastKnownFileType = sourcecode.swift; path = ViewController.swift; sourceTree = "<group>"; };
		0C5174F020BAA8E4006E6E1B /* Base */ = {isa = PBXFileReference; lastKnownFileType = file.storyboard; name = Base; path = Base.lproj/Main.storyboard; sourceTree = "<group>"; };
		0C5174F320BAA8E4006E6E1B /* GoliathNationalBank.xcdatamodel */ = {isa = PBXFileReference; lastKnownFileType = wrapper.xcdatamodel; path = GoliathNationalBank.xcdatamodel; sourceTree = "<group>"; };
		0C5174F520BAA8E4006E6E1B /* Assets.xcassets */ = {isa = PBXFileReference; lastKnownFileType = folder.assetcatalog; path = Assets.xcassets; sourceTree = "<group>"; };
		0C5174F820BAA8E4006E6E1B /* Base */ = {isa = PBXFileReference; lastKnownFileType = file.storyboard; name = Base; path = Base.lproj/LaunchScreen.storyboard; sourceTree = "<group>"; };
		0C5174FA20BAA8E4006E6E1B /* Info.plist */ = {isa = PBXFileReference; lastKnownFileType = text.plist.xml; path = Info.plist; sourceTree = "<group>"; };
		0C5174FF20BAA8E4006E6E1B /* GoliathNationalBankTests.xctest */ = {isa = PBXFileReference; explicitFileType = wrapper.cfbundle; includeInIndex = 0; path = GoliathNationalBankTests.xctest; sourceTree = BUILT_PRODUCTS_DIR; };
		0C51750320BAA8E4006E6E1B /* GoliathNationalBankTests.swift */ = {isa = PBXFileReference; lastKnownFileType = sourcecode.swift; path = GoliathNationalBankTests.swift; sourceTree = "<group>"; };
		0C51750520BAA8E4006E6E1B /* Info.plist */ = {isa = PBXFileReference; lastKnownFileType = text.plist.xml; path = Info.plist; sourceTree = "<group>"; };
		0C51750A20BAA8E4006E6E1B /* GoliathNationalBankUITests.xctest */ = {isa = PBXFileReference; explicitFileType = wrapper.cfbundle; includeInIndex = 0; path = GoliathNationalBankUITests.xctest; sourceTree = BUILT_PRODUCTS_DIR; };
		0C51750E20BAA8E4006E6E1B /* GoliathNationalBankUITests.swift */ = {isa = PBXFileReference; lastKnownFileType = sourcecode.swift; path = GoliathNationalBankUITests.swift; sourceTree = "<group>"; };
		0C51751020BAA8E5006E6E1B /* Info.plist */ = {isa = PBXFileReference; lastKnownFileType = text.plist.xml; path = Info.plist; sourceTree = "<group>"; };
		21CD67D628E647CF624D1515 /* Pods_GoliathNationalBankUITests.framework */ = {isa = PBXFileReference; explicitFileType = wrapper.framework; includeInIndex = 0; path = Pods_GoliathNationalBankUITests.framework; sourceTree = BUILT_PRODUCTS_DIR; };
		3984824E597656C4903F1017 /* Pods-GoliathNationalBankUITests.release.xcconfig */ = {isa = PBXFileReference; includeInIndex = 1; lastKnownFileType = text.xcconfig; name = "Pods-GoliathNationalBankUITests.release.xcconfig"; path = "Pods/Target Support Files/Pods-GoliathNationalBankUITests/Pods-GoliathNationalBankUITests.release.xcconfig"; sourceTree = "<group>"; };
		6C709A743753B26AAE0084B2 /* Pods-GoliathNationalBank.debug.xcconfig */ = {isa = PBXFileReference; includeInIndex = 1; lastKnownFileType = text.xcconfig; name = "Pods-GoliathNationalBank.debug.xcconfig"; path = "Pods/Target Support Files/Pods-GoliathNationalBank/Pods-GoliathNationalBank.debug.xcconfig"; sourceTree = "<group>"; };
		7FA2F8682AE4610FF899907A /* Pods-GoliathNationalBankTests.release.xcconfig */ = {isa = PBXFileReference; includeInIndex = 1; lastKnownFileType = text.xcconfig; name = "Pods-GoliathNationalBankTests.release.xcconfig"; path = "Pods/Target Support Files/Pods-GoliathNationalBankTests/Pods-GoliathNationalBankTests.release.xcconfig"; sourceTree = "<group>"; };
		9E1269791E12A2D6B4D6AF58 /* Pods_GoliathNationalBankTests.framework */ = {isa = PBXFileReference; explicitFileType = wrapper.framework; includeInIndex = 0; path = Pods_GoliathNationalBankTests.framework; sourceTree = BUILT_PRODUCTS_DIR; };
		A31D5D5C366ED158F95F6B59 /* Pods_GoliathNationalBank.framework */ = {isa = PBXFileReference; explicitFileType = wrapper.framework; includeInIndex = 0; path = Pods_GoliathNationalBank.framework; sourceTree = BUILT_PRODUCTS_DIR; };
		ACFCA920F6B97F6CF53A5FB6 /* Pods-GoliathNationalBankTests.debug.xcconfig */ = {isa = PBXFileReference; includeInIndex = 1; lastKnownFileType = text.xcconfig; name = "Pods-GoliathNationalBankTests.debug.xcconfig"; path = "Pods/Target Support Files/Pods-GoliathNationalBankTests/Pods-GoliathNationalBankTests.debug.xcconfig"; sourceTree = "<group>"; };
		D9EF4EF8C9DD1817FD3ECA25 /* Pods-GoliathNationalBankUITests.debug.xcconfig */ = {isa = PBXFileReference; includeInIndex = 1; lastKnownFileType = text.xcconfig; name = "Pods-GoliathNationalBankUITests.debug.xcconfig"; path = "Pods/Target Support Files/Pods-GoliathNationalBankUITests/Pods-GoliathNationalBankUITests.debug.xcconfig"; sourceTree = "<group>"; };
		FC5EBBE633CCCD4661613A5C /* Pods-GoliathNationalBank.release.xcconfig */ = {isa = PBXFileReference; includeInIndex = 1; lastKnownFileType = text.xcconfig; name = "Pods-GoliathNationalBank.release.xcconfig"; path = "Pods/Target Support Files/Pods-GoliathNationalBank/Pods-GoliathNationalBank.release.xcconfig"; sourceTree = "<group>"; };
/* End PBXFileReference section */

/* Begin PBXFrameworksBuildPhase section */
		0C5174E520BAA8E4006E6E1B /* Frameworks */ = {
			isa = PBXFrameworksBuildPhase;
			buildActionMask = 2147483647;
			files = (
				A304ABFEB64ADCB86746C802 /* Pods_GoliathNationalBank.framework in Frameworks */,
			);
			runOnlyForDeploymentPostprocessing = 0;
		};
		0C5174FC20BAA8E4006E6E1B /* Frameworks */ = {
			isa = PBXFrameworksBuildPhase;
			buildActionMask = 2147483647;
			files = (
				69509DE41281637D8A8FFCDC /* Pods_GoliathNationalBankTests.framework in Frameworks */,
			);
			runOnlyForDeploymentPostprocessing = 0;
		};
		0C51750720BAA8E4006E6E1B /* Frameworks */ = {
			isa = PBXFrameworksBuildPhase;
			buildActionMask = 2147483647;
			files = (
				8A685F6098C72DCDD4803BFC /* Pods_GoliathNationalBankUITests.framework in Frameworks */,
			);
			runOnlyForDeploymentPostprocessing = 0;
		};
/* End PBXFrameworksBuildPhase section */

/* Begin PBXGroup section */
		0C5174DF20BAA8E4006E6E1B = {
			isa = PBXGroup;
			children = (
				0C5174EA20BAA8E4006E6E1B /* GoliathNationalBank */,
				0C51750220BAA8E4006E6E1B /* GoliathNationalBankTests */,
				0C51750D20BAA8E4006E6E1B /* GoliathNationalBankUITests */,
				0C5174E920BAA8E4006E6E1B /* Products */,
				B289C8F1CAF679C6F91EC291 /* Pods */,
				355D01462E00A9672424293D /* Frameworks */,
			);
			sourceTree = "<group>";
		};
		0C5174E920BAA8E4006E6E1B /* Products */ = {
			isa = PBXGroup;
			children = (
				0C5174E820BAA8E4006E6E1B /* GoliathNationalBank.app */,
				0C5174FF20BAA8E4006E6E1B /* GoliathNationalBankTests.xctest */,
				0C51750A20BAA8E4006E6E1B /* GoliathNationalBankUITests.xctest */,
			);
			name = Products;
			sourceTree = "<group>";
		};
		0C5174EA20BAA8E4006E6E1B /* GoliathNationalBank */ = {
			isa = PBXGroup;
			children = (
				0C5174EB20BAA8E4006E6E1B /* AppDelegate.swift */,
				0C5174ED20BAA8E4006E6E1B /* ViewController.swift */,
				0C5174EF20BAA8E4006E6E1B /* Main.storyboard */,
				0C5174F520BAA8E4006E6E1B /* Assets.xcassets */,
				0C5174F720BAA8E4006E6E1B /* LaunchScreen.storyboard */,
				0C5174FA20BAA8E4006E6E1B /* Info.plist */,
				0C5174F220BAA8E4006E6E1B /* GoliathNationalBank.xcdatamodeld */,
			);
			path = GoliathNationalBank;
			sourceTree = "<group>";
		};
		0C51750220BAA8E4006E6E1B /* GoliathNationalBankTests */ = {
			isa = PBXGroup;
			children = (
				0C51750320BAA8E4006E6E1B /* GoliathNationalBankTests.swift */,
				0C51750520BAA8E4006E6E1B /* Info.plist */,
			);
			path = GoliathNationalBankTests;
			sourceTree = "<group>";
		};
		0C51750D20BAA8E4006E6E1B /* GoliathNationalBankUITests */ = {
			isa = PBXGroup;
			children = (
				0C51750E20BAA8E4006E6E1B /* GoliathNationalBankUITests.swift */,
				0C51751020BAA8E5006E6E1B /* Info.plist */,
			);
			path = GoliathNationalBankUITests;
			sourceTree = "<group>";
		};
		355D01462E00A9672424293D /* Frameworks */ = {
			isa = PBXGroup;
			children = (
				A31D5D5C366ED158F95F6B59 /* Pods_GoliathNationalBank.framework */,
				9E1269791E12A2D6B4D6AF58 /* Pods_GoliathNationalBankTests.framework */,
				21CD67D628E647CF624D1515 /* Pods_GoliathNationalBankUITests.framework */,
			);
			name = Frameworks;
			sourceTree = "<group>";
		};
		B289C8F1CAF679C6F91EC291 /* Pods */ = {
			isa = PBXGroup;
			children = (
				6C709A743753B26AAE0084B2 /* Pods-GoliathNationalBank.debug.xcconfig */,
				FC5EBBE633CCCD4661613A5C /* Pods-GoliathNationalBank.release.xcconfig */,
				ACFCA920F6B97F6CF53A5FB6 /* Pods-GoliathNationalBankTests.debug.xcconfig */,
				7FA2F8682AE4610FF899907A /* Pods-GoliathNationalBankTests.release.xcconfig */,
				D9EF4EF8C9DD1817FD3ECA25 /* Pods-GoliathNationalBankUITests.debug.xcconfig */,
				3984824E597656C4903F1017 /* Pods-GoliathNationalBankUITests.release.xcconfig */,
			);
			name = Pods;
			sourceTree = "<group>";
		};
/* End PBXGroup section */

/* Begin PBXNativeTarget section */
		0C5174E720BAA8E4006E6E1B /* GoliathNationalBank */ = {
			isa = PBXNativeTarget;
			buildConfigurationList = 0C51751320BAA8E5006E6E1B /* Build configuration list for PBXNativeTarget "GoliathNationalBank" */;
			buildPhases = (
				55BF8890E281698B1012ACEC /* [CP] Check Pods Manifest.lock */,
				0C5174E420BAA8E4006E6E1B /* Sources */,
				0C5174E520BAA8E4006E6E1B /* Frameworks */,
				0C5174E620BAA8E4006E6E1B /* Resources */,
				C14C73991D80B03E23880097 /* [CP] Embed Pods Frameworks */,
				7D9AAD614230D1D2FD0D2745 /* [CP] Copy Pods Resources */,
			);
			buildRules = (
			);
			dependencies = (
			);
			name = GoliathNationalBank;
			productName = GoliathNationalBank;
			productReference = 0C5174E820BAA8E4006E6E1B /* GoliathNationalBank.app */;
			productType = "com.apple.product-type.application";
		};
		0C5174FE20BAA8E4006E6E1B /* GoliathNationalBankTests */ = {
			isa = PBXNativeTarget;
			buildConfigurationList = 0C51751620BAA8E5006E6E1B /* Build configuration list for PBXNativeTarget "GoliathNationalBankTests" */;
			buildPhases = (
				7F6A1CD70B91D74261EFD7E8 /* [CP] Check Pods Manifest.lock */,
				0C5174FB20BAA8E4006E6E1B /* Sources */,
				0C5174FC20BAA8E4006E6E1B /* Frameworks */,
				0C5174FD20BAA8E4006E6E1B /* Resources */,
				A7F0229D5677955E3B34D6A5 /* [CP] Embed Pods Frameworks */,
				42504E7F93DB696BA3BA229D /* [CP] Copy Pods Resources */,
			);
			buildRules = (
			);
			dependencies = (
				0C51750120BAA8E4006E6E1B /* PBXTargetDependency */,
			);
			name = GoliathNationalBankTests;
			productName = GoliathNationalBankTests;
			productReference = 0C5174FF20BAA8E4006E6E1B /* GoliathNationalBankTests.xctest */;
			productType = "com.apple.product-type.bundle.unit-test";
		};
		0C51750920BAA8E4006E6E1B /* GoliathNationalBankUITests */ = {
			isa = PBXNativeTarget;
			buildConfigurationList = 0C51751920BAA8E5006E6E1B /* Build configuration list for PBXNativeTarget "GoliathNationalBankUITests" */;
			buildPhases = (
				005F6E21187DC2CF468DEB43 /* [CP] Check Pods Manifest.lock */,
				0C51750620BAA8E4006E6E1B /* Sources */,
				0C51750720BAA8E4006E6E1B /* Frameworks */,
				0C51750820BAA8E4006E6E1B /* Resources */,
				177EA59D143D1FCE44015238 /* [CP] Embed Pods Frameworks */,
				3AC31AAC17B7B8E141C1D8AB /* [CP] Copy Pods Resources */,
			);
			buildRules = (
			);
			dependencies = (
				0C51750C20BAA8E4006E6E1B /* PBXTargetDependency */,
			);
			name = GoliathNationalBankUITests;
			productName = GoliathNationalBankUITests;
			productReference = 0C51750A20BAA8E4006E6E1B /* GoliathNationalBankUITests.xctest */;
			productType = "com.apple.product-type.bundle.ui-testing";
		};
/* End PBXNativeTarget section */

/* Begin PBXProject section */
		0C5174E020BAA8E4006E6E1B /* Project object */ = {
			isa = PBXProject;
			attributes = {
				LastSwiftUpdateCheck = 0920;
				LastUpgradeCheck = 0920;
				ORGANIZATIONNAME = "Enric Pou Villanueva";
				TargetAttributes = {
					0C5174E720BAA8E4006E6E1B = {
						CreatedOnToolsVersion = 9.2;
						ProvisioningStyle = Automatic;
					};
					0C5174FE20BAA8E4006E6E1B = {
						CreatedOnToolsVersion = 9.2;
						ProvisioningStyle = Automatic;
						TestTargetID = 0C5174E720BAA8E4006E6E1B;
					};
					0C51750920BAA8E4006E6E1B = {
						CreatedOnToolsVersion = 9.2;
						ProvisioningStyle = Automatic;
						TestTargetID = 0C5174E720BAA8E4006E6E1B;
					};
				};
			};
			buildConfigurationList = 0C5174E320BAA8E4006E6E1B /* Build configuration list for PBXProject "GoliathNationalBank" */;
			compatibilityVersion = "Xcode 8.0";
			developmentRegion = en;
			hasScannedForEncodings = 0;
			knownRegions = (
				en,
				Base,
			);
			mainGroup = 0C5174DF20BAA8E4006E6E1B;
			productRefGroup = 0C5174E920BAA8E4006E6E1B /* Products */;
			projectDirPath = "";
			projectRoot = "";
			targets = (
				0C5174E720BAA8E4006E6E1B /* GoliathNationalBank */,
				0C5174FE20BAA8E4006E6E1B /* GoliathNationalBankTests */,
				0C51750920BAA8E4006E6E1B /* GoliathNationalBankUITests */,
			);
		};
/* End PBXProject section */

/* Begin PBXResourcesBuildPhase section */
		0C5174E620BAA8E4006E6E1B /* Resources */ = {
			isa = PBXResourcesBuildPhase;
			buildActionMask = 2147483647;
			files = (
				0C5174F920BAA8E4006E6E1B /* LaunchScreen.storyboard in Resources */,
				0C5174F620BAA8E4006E6E1B /* Assets.xcassets in Resources */,
				0C5174F120BAA8E4006E6E1B /* Main.storyboard in Resources */,
			);
			runOnlyForDeploymentPostprocessing = 0;
		};
		0C5174FD20BAA8E4006E6E1B /* Resources */ = {
			isa = PBXResourcesBuildPhase;
			buildActionMask = 2147483647;
			files = (
			);
			runOnlyForDeploymentPostprocessing = 0;
		};
		0C51750820BAA8E4006E6E1B /* Resources */ = {
			isa = PBXResourcesBuildPhase;
			buildActionMask = 2147483647;
			files = (
			);
			runOnlyForDeploymentPostprocessing = 0;
		};
/* End PBXResourcesBuildPhase section */

/* Begin PBXShellScriptBuildPhase section */
		005F6E21187DC2CF468DEB43 /* [CP] Check Pods Manifest.lock */ = {
			isa = PBXShellScriptBuildPhase;
			buildActionMask = 2147483647;
			files = (
			);
			inputPaths = (
				"${PODS_PODFILE_DIR_PATH}/Podfile.lock",
				"${PODS_ROOT}/Manifest.lock",
			);
			name = "[CP] Check Pods Manifest.lock";
			outputPaths = (
				"$(DERIVED_FILE_DIR)/Pods-GoliathNationalBankUITests-checkManifestLockResult.txt",
			);
			runOnlyForDeploymentPostprocessing = 0;
			shellPath = /bin/sh;
			shellScript = "diff \"${PODS_PODFILE_DIR_PATH}/Podfile.lock\" \"${PODS_ROOT}/Manifest.lock\" > /dev/null\nif [ $? != 0 ] ; then\n    # print error to STDERR\n    echo \"error: The sandbox is not in sync with the Podfile.lock. Run 'pod install' or update your CocoaPods installation.\" >&2\n    exit 1\nfi\n# This output is used by Xcode 'outputs' to avoid re-running this script phase.\necho \"SUCCESS\" > \"${SCRIPT_OUTPUT_FILE_0}\"\n";
			showEnvVarsInLog = 0;
		};
		177EA59D143D1FCE44015238 /* [CP] Embed Pods Frameworks */ = {
			isa = PBXShellScriptBuildPhase;
			buildActionMask = 2147483647;
			files = (
			);
			inputPaths = (
			);
			name = "[CP] Embed Pods Frameworks";
			outputPaths = (
			);
			runOnlyForDeploymentPostprocessing = 0;
			shellPath = /bin/sh;
			shellScript = "\"${SRCROOT}/Pods/Target Support Files/Pods-GoliathNationalBankUITests/Pods-GoliathNationalBankUITests-frameworks.sh\"\n";
			showEnvVarsInLog = 0;
		};
		3AC31AAC17B7B8E141C1D8AB /* [CP] Copy Pods Resources */ = {
			isa = PBXShellScriptBuildPhase;
			buildActionMask = 2147483647;
			files = (
			);
			inputPaths = (
			);
			name = "[CP] Copy Pods Resources";
			outputPaths = (
			);
			runOnlyForDeploymentPostprocessing = 0;
			shellPath = /bin/sh;
			shellScript = "\"${SRCROOT}/Pods/Target Support Files/Pods-GoliathNationalBankUITests/Pods-GoliathNationalBankUITests-resources.sh\"\n";
			showEnvVarsInLog = 0;
		};
		42504E7F93DB696BA3BA229D /* [CP] Copy Pods Resources */ = {
			isa = PBXShellScriptBuildPhase;
			buildActionMask = 2147483647;
			files = (
			);
			inputPaths = (
			);
			name = "[CP] Copy Pods Resources";
			outputPaths = (
			);
			runOnlyForDeploymentPostprocessing = 0;
			shellPath = /bin/sh;
			shellScript = "\"${SRCROOT}/Pods/Target Support Files/Pods-GoliathNationalBankTests/Pods-GoliathNationalBankTests-resources.sh\"\n";
			showEnvVarsInLog = 0;
		};
		55BF8890E281698B1012ACEC /* [CP] Check Pods Manifest.lock */ = {
			isa = PBXShellScriptBuildPhase;
			buildActionMask = 2147483647;
			files = (
			);
			inputPaths = (
				"${PODS_PODFILE_DIR_PATH}/Podfile.lock",
				"${PODS_ROOT}/Manifest.lock",
			);
			name = "[CP] Check Pods Manifest.lock";
			outputPaths = (
				"$(DERIVED_FILE_DIR)/Pods-GoliathNationalBank-checkManifestLockResult.txt",
			);
			runOnlyForDeploymentPostprocessing = 0;
			shellPath = /bin/sh;
			shellScript = "diff \"${PODS_PODFILE_DIR_PATH}/Podfile.lock\" \"${PODS_ROOT}/Manifest.lock\" > /dev/null\nif [ $? != 0 ] ; then\n    # print error to STDERR\n    echo \"error: The sandbox is not in sync with the Podfile.lock. Run 'pod install' or update your CocoaPods installation.\" >&2\n    exit 1\nfi\n# This output is used by Xcode 'outputs' to avoid re-running this script phase.\necho \"SUCCESS\" > \"${SCRIPT_OUTPUT_FILE_0}\"\n";
			showEnvVarsInLog = 0;
		};
		7D9AAD614230D1D2FD0D2745 /* [CP] Copy Pods Resources */ = {
			isa = PBXShellScriptBuildPhase;
			buildActionMask = 2147483647;
			files = (
			);
			inputPaths = (
			);
			name = "[CP] Copy Pods Resources";
			outputPaths = (
			);
			runOnlyForDeploymentPostprocessing = 0;
			shellPath = /bin/sh;
			shellScript = "\"${SRCROOT}/Pods/Target Support Files/Pods-GoliathNationalBank/Pods-GoliathNationalBank-resources.sh\"\n";
			showEnvVarsInLog = 0;
		};
		7F6A1CD70B91D74261EFD7E8 /* [CP] Check Pods Manifest.lock */ = {
			isa = PBXShellScriptBuildPhase;
			buildActionMask = 2147483647;
			files = (
			);
			inputPaths = (
				"${PODS_PODFILE_DIR_PATH}/Podfile.lock",
				"${PODS_ROOT}/Manifest.lock",
			);
			name = "[CP] Check Pods Manifest.lock";
			outputPaths = (
				"$(DERIVED_FILE_DIR)/Pods-GoliathNationalBankTests-checkManifestLockResult.txt",
			);
			runOnlyForDeploymentPostprocessing = 0;
			shellPath = /bin/sh;
			shellScript = "diff \"${PODS_PODFILE_DIR_PATH}/Podfile.lock\" \"${PODS_ROOT}/Manifest.lock\" > /dev/null\nif [ $? != 0 ] ; then\n    # print error to STDERR\n    echo \"error: The sandbox is not in sync with the Podfile.lock. Run 'pod install' or update your CocoaPods installation.\" >&2\n    exit 1\nfi\n# This output is used by Xcode 'outputs' to avoid re-running this script phase.\necho \"SUCCESS\" > \"${SCRIPT_OUTPUT_FILE_0}\"\n";
			showEnvVarsInLog = 0;
		};
		A7F0229D5677955E3B34D6A5 /* [CP] Embed Pods Frameworks */ = {
			isa = PBXShellScriptBuildPhase;
			buildActionMask = 2147483647;
			files = (
			);
			inputPaths = (
			);
			name = "[CP] Embed Pods Frameworks";
			outputPaths = (
			);
			runOnlyForDeploymentPostprocessing = 0;
			shellPath = /bin/sh;
			shellScript = "\"${SRCROOT}/Pods/Target Support Files/Pods-GoliathNationalBankTests/Pods-GoliathNationalBankTests-frameworks.sh\"\n";
			showEnvVarsInLog = 0;
		};
		C14C73991D80B03E23880097 /* [CP] Embed Pods Frameworks */ = {
			isa = PBXShellScriptBuildPhase;
			buildActionMask = 2147483647;
			files = (
			);
			inputPaths = (
				"${SRCROOT}/Pods/Target Support Files/Pods-GoliathNationalBank/Pods-GoliathNationalBank-frameworks.sh",
				"${BUILT_PRODUCTS_DIR}/Alamofire/Alamofire.framework",
			);
			name = "[CP] Embed Pods Frameworks";
			outputPaths = (
				"${TARGET_BUILD_DIR}/${FRAMEWORKS_FOLDER_PATH}/Alamofire.framework",
			);
			runOnlyForDeploymentPostprocessing = 0;
			shellPath = /bin/sh;
			shellScript = "\"${SRCROOT}/Pods/Target Support Files/Pods-GoliathNationalBank/Pods-GoliathNationalBank-frameworks.sh\"\n";
			showEnvVarsInLog = 0;
		};
/* End PBXShellScriptBuildPhase section */

/* Begin PBXSourcesBuildPhase section */
		0C5174E420BAA8E4006E6E1B /* Sources */ = {
			isa = PBXSourcesBuildPhase;
			buildActionMask = 2147483647;
			files = (
				0C5174F420BAA8E4006E6E1B /* GoliathNationalBank.xcdatamodeld in Sources */,
				0C5174EE20BAA8E4006E6E1B /* ViewController.swift in Sources */,
				0C5174EC20BAA8E4006E6E1B /* AppDelegate.swift in Sources */,
			);
			runOnlyForDeploymentPostprocessing = 0;
		};
		0C5174FB20BAA8E4006E6E1B /* Sources */ = {
			isa = PBXSourcesBuildPhase;
			buildActionMask = 2147483647;
			files = (
				0C51750420BAA8E4006E6E1B /* GoliathNationalBankTests.swift in Sources */,
			);
			runOnlyForDeploymentPostprocessing = 0;
		};
		0C51750620BAA8E4006E6E1B /* Sources */ = {
			isa = PBXSourcesBuildPhase;
			buildActionMask = 2147483647;
			files = (
				0C51750F20BAA8E4006E6E1B /* GoliathNationalBankUITests.swift in Sources */,
			);
			runOnlyForDeploymentPostprocessing = 0;
		};
/* End PBXSourcesBuildPhase section */

/* Begin PBXTargetDependency section */
		0C51750120BAA8E4006E6E1B /* PBXTargetDependency */ = {
			isa = PBXTargetDependency;
			target = 0C5174E720BAA8E4006E6E1B /* GoliathNationalBank */;
			targetProxy = 0C51750020BAA8E4006E6E1B /* PBXContainerItemProxy */;
		};
		0C51750C20BAA8E4006E6E1B /* PBXTargetDependency */ = {
			isa = PBXTargetDependency;
			target = 0C5174E720BAA8E4006E6E1B /* GoliathNationalBank */;
			targetProxy = 0C51750B20BAA8E4006E6E1B /* PBXContainerItemProxy */;
		};
/* End PBXTargetDependency section */

/* Begin PBXVariantGroup section */
		0C5174EF20BAA8E4006E6E1B /* Main.storyboard */ = {
			isa = PBXVariantGroup;
			children = (
				0C5174F020BAA8E4006E6E1B /* Base */,
			);
			name = Main.storyboard;
			sourceTree = "<group>";
		};
		0C5174F720BAA8E4006E6E1B /* LaunchScreen.storyboard */ = {
			isa = PBXVariantGroup;
			children = (
				0C5174F820BAA8E4006E6E1B /* Base */,
			);
			name = LaunchScreen.storyboard;
			sourceTree = "<group>";
		};
/* End PBXVariantGroup section */

/* Begin XCBuildConfiguration section */
		0C51751120BAA8E5006E6E1B /* Debug */ = {
			isa = XCBuildConfiguration;
			buildSettings = {
				ALWAYS_SEARCH_USER_PATHS = NO;
				CLANG_ANALYZER_NONNULL = YES;
				CLANG_ANALYZER_NUMBER_OBJECT_CONVERSION = YES_AGGRESSIVE;
				CLANG_CXX_LANGUAGE_STANDARD = "gnu++14";
				CLANG_CXX_LIBRARY = "libc++";
				CLANG_ENABLE_MODULES = YES;
				CLANG_ENABLE_OBJC_ARC = YES;
				CLANG_WARN_BLOCK_CAPTURE_AUTORELEASING = YES;
				CLANG_WARN_BOOL_CONVERSION = YES;
				CLANG_WARN_COMMA = YES;
				CLANG_WARN_CONSTANT_CONVERSION = YES;
				CLANG_WARN_DIRECT_OBJC_ISA_USAGE = YES_ERROR;
				CLANG_WARN_DOCUMENTATION_COMMENTS = YES;
				CLANG_WARN_EMPTY_BODY = YES;
				CLANG_WARN_ENUM_CONVERSION = YES;
				CLANG_WARN_INFINITE_RECURSION = YES;
				CLANG_WARN_INT_CONVERSION = YES;
				CLANG_WARN_NON_LITERAL_NULL_CONVERSION = YES;
				CLANG_WARN_OBJC_LITERAL_CONVERSION = YES;
				CLANG_WARN_OBJC_ROOT_CLASS = YES_ERROR;
				CLANG_WARN_RANGE_LOOP_ANALYSIS = YES;
				CLANG_WARN_STRICT_PROTOTYPES = YES;
				CLANG_WARN_SUSPICIOUS_MOVE = YES;
				CLANG_WARN_UNGUARDED_AVAILABILITY = YES_AGGRESSIVE;
				CLANG_WARN_UNREACHABLE_CODE = YES;
				CLANG_WARN__DUPLICATE_METHOD_MATCH = YES;
				CODE_SIGN_IDENTITY = "iPhone Developer";
				COPY_PHASE_STRIP = NO;
				DEBUG_INFORMATION_FORMAT = dwarf;
				ENABLE_STRICT_OBJC_MSGSEND = YES;
				ENABLE_TESTABILITY = YES;
				GCC_C_LANGUAGE_STANDARD = gnu11;
				GCC_DYNAMIC_NO_PIC = NO;
				GCC_NO_COMMON_BLOCKS = YES;
				GCC_OPTIMIZATION_LEVEL = 0;
				GCC_PREPROCESSOR_DEFINITIONS = (
					"DEBUG=1",
					"$(inherited)",
				);
				GCC_WARN_64_TO_32_BIT_CONVERSION = YES;
				GCC_WARN_ABOUT_RETURN_TYPE = YES_ERROR;
				GCC_WARN_UNDECLARED_SELECTOR = YES;
				GCC_WARN_UNINITIALIZED_AUTOS = YES_AGGRESSIVE;
				GCC_WARN_UNUSED_FUNCTION = YES;
				GCC_WARN_UNUSED_VARIABLE = YES;
				IPHONEOS_DEPLOYMENT_TARGET = 11.2;
				MTL_ENABLE_DEBUG_INFO = YES;
				ONLY_ACTIVE_ARCH = YES;
				SDKROOT = iphoneos;
				SWIFT_ACTIVE_COMPILATION_CONDITIONS = DEBUG;
				SWIFT_OPTIMIZATION_LEVEL = "-Onone";
			};
			name = Debug;
		};
		0C51751220BAA8E5006E6E1B /* Release */ = {
			isa = XCBuildConfiguration;
			buildSettings = {
				ALWAYS_SEARCH_USER_PATHS = NO;
				CLANG_ANALYZER_NONNULL = YES;
				CLANG_ANALYZER_NUMBER_OBJECT_CONVERSION = YES_AGGRESSIVE;
				CLANG_CXX_LANGUAGE_STANDARD = "gnu++14";
				CLANG_CXX_LIBRARY = "libc++";
				CLANG_ENABLE_MODULES = YES;
				CLANG_ENABLE_OBJC_ARC = YES;
				CLANG_WARN_BLOCK_CAPTURE_AUTORELEASING = YES;
				CLANG_WARN_BOOL_CONVERSION = YES;
				CLANG_WARN_COMMA = YES;
				CLANG_WARN_CONSTANT_CONVERSION = YES;
				CLANG_WARN_DIRECT_OBJC_ISA_USAGE = YES_ERROR;
				CLANG_WARN_DOCUMENTATION_COMMENTS = YES;
				CLANG_WARN_EMPTY_BODY = YES;
				CLANG_WARN_ENUM_CONVERSION = YES;
				CLANG_WARN_INFINITE_RECURSION = YES;
				CLANG_WARN_INT_CONVERSION = YES;
				CLANG_WARN_NON_LITERAL_NULL_CONVERSION = YES;
				CLANG_WARN_OBJC_LITERAL_CONVERSION = YES;
				CLANG_WARN_OBJC_ROOT_CLASS = YES_ERROR;
				CLANG_WARN_RANGE_LOOP_ANALYSIS = YES;
				CLANG_WARN_STRICT_PROTOTYPES = YES;
				CLANG_WARN_SUSPICIOUS_MOVE = YES;
				CLANG_WARN_UNGUARDED_AVAILABILITY = YES_AGGRESSIVE;
				CLANG_WARN_UNREACHABLE_CODE = YES;
				CLANG_WARN__DUPLICATE_METHOD_MATCH = YES;
				CODE_SIGN_IDENTITY = "iPhone Developer";
				COPY_PHASE_STRIP = NO;
				DEBUG_INFORMATION_FORMAT = "dwarf-with-dsym";
				ENABLE_NS_ASSERTIONS = NO;
				ENABLE_STRICT_OBJC_MSGSEND = YES;
				GCC_C_LANGUAGE_STANDARD = gnu11;
				GCC_NO_COMMON_BLOCKS = YES;
				GCC_WARN_64_TO_32_BIT_CONVERSION = YES;
				GCC_WARN_ABOUT_RETURN_TYPE = YES_ERROR;
				GCC_WARN_UNDECLARED_SELECTOR = YES;
				GCC_WARN_UNINITIALIZED_AUTOS = YES_AGGRESSIVE;
				GCC_WARN_UNUSED_FUNCTION = YES;
				GCC_WARN_UNUSED_VARIABLE = YES;
				IPHONEOS_DEPLOYMENT_TARGET = 11.2;
				MTL_ENABLE_DEBUG_INFO = NO;
				SDKROOT = iphoneos;
				SWIFT_OPTIMIZATION_LEVEL = "-Owholemodule";
				VALIDATE_PRODUCT = YES;
			};
			name = Release;
		};
		0C51751420BAA8E5006E6E1B /* Debug */ = {
			isa = XCBuildConfiguration;
			baseConfigurationReference = 6C709A743753B26AAE0084B2 /* Pods-GoliathNationalBank.debug.xcconfig */;
			buildSettings = {
				ASSETCATALOG_COMPILER_APPICON_NAME = AppIcon;
				CODE_SIGN_STYLE = Automatic;
				DEVELOPMENT_TEAM = DU4SSYH2B5;
				INFOPLIST_FILE = GoliathNationalBank/Info.plist;
				LD_RUNPATH_SEARCH_PATHS = "$(inherited) @executable_path/Frameworks";
				PRODUCT_BUNDLE_IDENTIFIER = com.enricpou.GoliathNationalBank;
				PRODUCT_NAME = "$(TARGET_NAME)";
				SWIFT_VERSION = 4.0;
				TARGETED_DEVICE_FAMILY = "1,2";
			};
			name = Debug;
		};
		0C51751520BAA8E5006E6E1B /* Release */ = {
			isa = XCBuildConfiguration;
			baseConfigurationReference = FC5EBBE633CCCD4661613A5C /* Pods-GoliathNationalBank.release.xcconfig */;
			buildSettings = {
				ASSETCATALOG_COMPILER_APPICON_NAME = AppIcon;
				CODE_SIGN_STYLE = Automatic;
				DEVELOPMENT_TEAM = DU4SSYH2B5;
				INFOPLIST_FILE = GoliathNationalBank/Info.plist;
				LD_RUNPATH_SEARCH_PATHS = "$(inherited) @executable_path/Frameworks";
				PRODUCT_BUNDLE_IDENTIFIER = com.enricpou.GoliathNationalBank;
				PRODUCT_NAME = "$(TARGET_NAME)";
				SWIFT_VERSION = 4.0;
				TARGETED_DEVICE_FAMILY = "1,2";
			};
			name = Release;
		};
		0C51751720BAA8E5006E6E1B /* Debug */ = {
			isa = XCBuildConfiguration;
			baseConfigurationReference = ACFCA920F6B97F6CF53A5FB6 /* Pods-GoliathNationalBankTests.debug.xcconfig */;
			buildSettings = {
				ALWAYS_EMBED_SWIFT_STANDARD_LIBRARIES = YES;
				BUNDLE_LOADER = "$(TEST_HOST)";
				CODE_SIGN_STYLE = Automatic;
				DEVELOPMENT_TEAM = DU4SSYH2B5;
				INFOPLIST_FILE = GoliathNationalBankTests/Info.plist;
				LD_RUNPATH_SEARCH_PATHS = "$(inherited) @executable_path/Frameworks @loader_path/Frameworks";
				PRODUCT_BUNDLE_IDENTIFIER = com.enricpou.GoliathNationalBankTests;
				PRODUCT_NAME = "$(TARGET_NAME)";
				SWIFT_VERSION = 4.0;
				TARGETED_DEVICE_FAMILY = "1,2";
				TEST_HOST = "$(BUILT_PRODUCTS_DIR)/GoliathNationalBank.app/GoliathNationalBank";
			};
			name = Debug;
		};
		0C51751820BAA8E5006E6E1B /* Release */ = {
			isa = XCBuildConfiguration;
			baseConfigurationReference = 7FA2F8682AE4610FF899907A /* Pods-GoliathNationalBankTests.release.xcconfig */;
			buildSettings = {
				ALWAYS_EMBED_SWIFT_STANDARD_LIBRARIES = YES;
				BUNDLE_LOADER = "$(TEST_HOST)";
				CODE_SIGN_STYLE = Automatic;
				DEVELOPMENT_TEAM = DU4SSYH2B5;
				INFOPLIST_FILE = GoliathNationalBankTests/Info.plist;
				LD_RUNPATH_SEARCH_PATHS = "$(inherited) @executable_path/Frameworks @loader_path/Frameworks";
				PRODUCT_BUNDLE_IDENTIFIER = com.enricpou.GoliathNationalBankTests;
				PRODUCT_NAME = "$(TARGET_NAME)";
				SWIFT_VERSION = 4.0;
				TARGETED_DEVICE_FAMILY = "1,2";
				TEST_HOST = "$(BUILT_PRODUCTS_DIR)/GoliathNationalBank.app/GoliathNationalBank";
			};
			name = Release;
		};
		0C51751A20BAA8E5006E6E1B /* Debug */ = {
			isa = XCBuildConfiguration;
			baseConfigurationReference = D9EF4EF8C9DD1817FD3ECA25 /* Pods-GoliathNationalBankUITests.debug.xcconfig */;
			buildSettings = {
				ALWAYS_EMBED_SWIFT_STANDARD_LIBRARIES = YES;
				CODE_SIGN_STYLE = Automatic;
				DEVELOPMENT_TEAM = DU4SSYH2B5;
				INFOPLIST_FILE = GoliathNationalBankUITests/Info.plist;
				LD_RUNPATH_SEARCH_PATHS = "$(inherited) @executable_path/Frameworks @loader_path/Frameworks";
				PRODUCT_BUNDLE_IDENTIFIER = com.enricpou.GoliathNationalBankUITests;
				PRODUCT_NAME = "$(TARGET_NAME)";
				SWIFT_VERSION = 4.0;
				TARGETED_DEVICE_FAMILY = "1,2";
				TEST_TARGET_NAME = GoliathNationalBank;
			};
			name = Debug;
		};
		0C51751B20BAA8E5006E6E1B /* Release */ = {
			isa = XCBuildConfiguration;
			baseConfigurationReference = 3984824E597656C4903F1017 /* Pods-GoliathNationalBankUITests.release.xcconfig */;
			buildSettings = {
				ALWAYS_EMBED_SWIFT_STANDARD_LIBRARIES = YES;
				CODE_SIGN_STYLE = Automatic;
				DEVELOPMENT_TEAM = DU4SSYH2B5;
				INFOPLIST_FILE = GoliathNationalBankUITests/Info.plist;
				LD_RUNPATH_SEARCH_PATHS = "$(inherited) @executable_path/Frameworks @loader_path/Frameworks";
				PRODUCT_BUNDLE_IDENTIFIER = com.enricpou.GoliathNationalBankUITests;
				PRODUCT_NAME = "$(TARGET_NAME)";
				SWIFT_VERSION = 4.0;
				TARGETED_DEVICE_FAMILY = "1,2";
				TEST_TARGET_NAME = GoliathNationalBank;
			};
			name = Release;
		};
/* End XCBuildConfiguration section */

/* Begin XCConfigurationList section */
		0C5174E320BAA8E4006E6E1B /* Build configuration list for PBXProject "GoliathNationalBank" */ = {
			isa = XCConfigurationList;
			buildConfigurations = (
				0C51751120BAA8E5006E6E1B /* Debug */,
				0C51751220BAA8E5006E6E1B /* Release */,
			);
			defaultConfigurationIsVisible = 0;
			defaultConfigurationName = Release;
		};
		0C51751320BAA8E5006E6E1B /* Build configuration list for PBXNativeTarget "GoliathNationalBank" */ = {
			isa = XCConfigurationList;
			buildConfigurations = (
				0C51751420BAA8E5006E6E1B /* Debug */,
				0C51751520BAA8E5006E6E1B /* Release */,
			);
			defaultConfigurationIsVisible = 0;
			defaultConfigurationName = Release;
		};
		0C51751620BAA8E5006E6E1B /* Build configuration list for PBXNativeTarget "GoliathNationalBankTests" */ = {
			isa = XCConfigurationList;
			buildConfigurations = (
				0C51751720BAA8E5006E6E1B /* Debug */,
				0C51751820BAA8E5006E6E1B /* Release */,
			);
			defaultConfigurationIsVisible = 0;
			defaultConfigurationName = Release;
		};
		0C51751920BAA8E5006E6E1B /* Build configuration list for PBXNativeTarget "GoliathNationalBankUITests" */ = {
			isa = XCConfigurationList;
			buildConfigurations = (
				0C51751A20BAA8E5006E6E1B /* Debug */,
				0C51751B20BAA8E5006E6E1B /* Release */,
			);
			defaultConfigurationIsVisible = 0;
			defaultConfigurationName = Release;
		};
/* End XCConfigurationList section */

/* Begin XCVersionGroup section */
		0C5174F220BAA8E4006E6E1B /* GoliathNationalBank.xcdatamodeld */ = {
			isa = XCVersionGroup;
			children = (
				0C5174F320BAA8E4006E6E1B /* GoliathNationalBank.xcdatamodel */,
			);
			currentVersion = 0C5174F320BAA8E4006E6E1B /* GoliathNationalBank.xcdatamodel */;
			path = GoliathNationalBank.xcdatamodeld;
			sourceTree = "<group>";
			versionGroupType = wrapper.xcdatamodel;
		};
/* End XCVersionGroup section */
	};
	rootObject = 0C5174E020BAA8E4006E6E1B /* Project object */;
}
